
Microsoft Visual Studio Solution File, Format Version 12.00
# Visual Studio Version 16
VisualStudioVersion = 16.6.30114.105
MinimumVisualStudioVersion = 10.0.40219.1
Project("{FAE04EC0-301F-11D3-BF4B-00C04F79EFBC}") = "api", "api\api.csproj", "{BFC964E9-6EE3-49E5-BA2E-4313F9BA348D}"
EndProject
Project("{FAE04EC0-301F-11D3-BF4B-00C04F79EFBC}") = "webapp", "webapp\webapp.csproj", "{21F3DBCF-43C7-4B60-9388-230537FF8C5F}"
EndProject
Global
	GlobalSection(SolutionConfigurationPlatforms) = preSolution
		Debug|Any CPU = Debug|Any CPU
		Debug|x64 = Debug|x64
		Debug|x86 = Debug|x86
		Release|Any CPU = Release|Any CPU
		Release|x64 = Release|x64
		Release|x86 = Release|x86
	EndGlobalSection
	GlobalSection(SolutionProperties) = preSolution
		HideSolutionNode = FALSE
	EndGlobalSection
	GlobalSection(ProjectConfigurationPlatforms) = postSolution
		{BFC964E9-6EE3-49E5-BA2E-4313F9BA348D}.Debug|Any CPU.ActiveCfg = Debug|Any CPU
		{BFC964E9-6EE3-49E5-BA2E-4313F9BA348D}.Debug|Any CPU.Build.0 = Debug|Any CPU
		{BFC964E9-6EE3-49E5-BA2E-4313F9BA348D}.Debug|x64.ActiveCfg = Debug|Any CPU
		{BFC964E9-6EE3-49E5-BA2E-4313F9BA348D}.Debug|x64.Build.0 = Debug|Any CPU
		{BFC964E9-6EE3-49E5-BA2E-4313F9BA348D}.Debug|x86.ActiveCfg = Debug|Any CPU
		{BFC964E9-6EE3-49E5-BA2E-4313F9BA348D}.Debug|x86.Build.0 = Debug|Any CPU
		{BFC964E9-6EE3-49E5-BA2E-4313F9BA348D}.Release|Any CPU.ActiveCfg = Release|Any CPU
		{BFC964E9-6EE3-49E5-BA2E-4313F9BA348D}.Release|Any CPU.Build.0 = Release|Any CPU
		{BFC964E9-6EE3-49E5-BA2E-4313F9BA348D}.Release|x64.ActiveCfg = Release|Any CPU
		{BFC964E9-6EE3-49E5-BA2E-4313F9BA348D}.Release|x64.Build.0 = Release|Any CPU
		{BFC964E9-6EE3-49E5-BA2E-4313F9BA348D}.Release|x86.ActiveCfg = Release|Any CPU
		{BFC964E9-6EE3-49E5-BA2E-4313F9BA348D}.Release|x86.Build.0 = Release|Any CPU
		{21F3DBCF-43C7-4B60-9388-230537FF8C5F}.Debug|Any CPU.ActiveCfg = Debug|Any CPU
		{21F3DBCF-43C7-4B60-9388-230537FF8C5F}.Debug|Any CPU.Build.0 = Debug|Any CPU
		{21F3DBCF-43C7-4B60-9388-230537FF8C5F}.Debug|x64.ActiveCfg = Debug|Any CPU
		{21F3DBCF-43C7-4B60-9388-230537FF8C5F}.Debug|x64.Build.0 = Debug|Any CPU
		{21F3DBCF-43C7-4B60-9388-230537FF8C5F}.Debug|x86.ActiveCfg = Debug|Any CPU
		{21F3DBCF-43C7-4B60-9388-230537FF8C5F}.Debug|x86.Build.0 = Debug|Any CPU
		{21F3DBCF-43C7-4B60-9388-230537FF8C5F}.Release|Any CPU.ActiveCfg = Release|Any CPU
		{21F3DBCF-43C7-4B60-9388-230537FF8C5F}.Release|Any CPU.Build.0 = Release|Any CPU
		{21F3DBCF-43C7-4B60-9388-230537FF8C5F}.Release|x64.ActiveCfg = Release|Any CPU
		{21F3DBCF-43C7-4B60-9388-230537FF8C5F}.Release|x64.Build.0 = Release|Any CPU
		{21F3DBCF-43C7-4B60-9388-230537FF8C5F}.Release|x86.ActiveCfg = Release|Any CPU
		{21F3DBCF-43C7-4B60-9388-230537FF8C5F}.Release|x86.Build.0 = Release|Any CPU
	EndGlobalSection
EndGlobal
